<Solution>
  <Project Path="CatOnASkateboard.PlayerStudio.Editor.csproj" />
  <Project Path="CatOnASkateboard.MenuStudio.Runtime.csproj" />
  <Project Path="CatOnASkateboard.PlayerStudio.Runtime.csproj" />
  <Project Path="CatOnASkateboard.AudioStudio.Editor.csproj" />
  <Project Path="CatOnASkateboard.StudioColors.Editor.csproj" />
  <Project Path="CatOnASkateboard.AudioStudio.Runtime.csproj" />
  <Project Path="CatOnASkateboard.StudioColors.Runtime.csproj" />
  <Project Path="CatOnASkateboard.MenuStudio.Editor.csproj" />
  <Project Path="Assembly-CSharp.csproj" />
  <Project Path="Assembly-CSharp-Editor.csproj" />
</Solution>
